github.com/OHWR/bigspring-light-hugo v0.0.0-20231004112636-96492e2e2666 h1:XhM7+DeJy4F2WS1e0kU+ITealVeUOt+qkj0puJ1KfyI=
github.com/OHWR/bigspring-light-hugo v0.0.0-20231004112636-96492e2e2666/go.mod h1:vT5EDAVptTP7LdF70/rNyYCUZGDTb1Nui/oZN7Jq7ic=
github.com/gethugothemes/hugo-modules/search v0.0.0-20231001043352-2e720c5b7e8b h1:4iW70iOqddnNXwynYhGpXANEyN4mcalU5qxXJWx+kVA=
github.com/gethugothemes/hugo-modules/search v0.0.0-20231001043352-2e720c5b7e8b/go.mod h1:tmDvLaZCM+QDvS/WLZXNjY1QTdWh7/68D2wIToECbyA=
