github.com/gethugothemes/bigspring-light-hugo v0.0.0-20230727035851-bec36f77483f h1:b4eqnGCNRSBSjDUvkDFhEr+Oq7TnBHKcIagq5Sww6jg=
github.com/gethugothemes/bigspring-light-hugo v0.0.0-20230727035851-bec36f77483f/go.mod h1:g/OiKLqfm9xbVmZIjtj639gYPFmcBwSaguRIF5jVlXw=
github.com/gethugothemes/hugo-modules/search v0.0.0-20230913031841-c3e6f1eb8b7b h1:7qEdWNVGhUS5N6OvfQFw3+5ZEkZXqatgMYMwwrHQ4Uw=
github.com/gethugothemes/hugo-modules/search v0.0.0-20230913031841-c3e6f1eb8b7b/go.mod h1:tmDvLaZCM+QDvS/WLZXNjY1QTdWh7/68D2wIToECbyA=
