github.com/OHWR/bigspring-light-hugo v0.0.0-20250116100239-f0a4dd4685b7 h1:1YEv9H9iux8tO/E8apLSqZZKN18xj0xZjRJ62VvH1Gs=
github.com/OHWR/bigspring-light-hugo v0.0.0-20250116100239-f0a4dd4685b7/go.mod h1:vT5EDAVptTP7LdF70/rNyYCUZGDTb1Nui/oZN7Jq7ic=
github.com/gethugothemes/hugo-modules/search v0.0.0-20250112030311-a0de82520a5a h1:mXOrXwWgAy6BmZxM1x++jMmyH6IAnqL+JPIhlRYTWlk=
github.com/gethugothemes/hugo-modules/search v0.0.0-20250112030311-a0de82520a5a/go.mod h1:tmDvLaZCM+QDvS/WLZXNjY1QTdWh7/68D2wIToECbyA=
